        # Generated by pub. See: http://pub.dartlang.org/doc/glossary.html#lockfile
         {"packages":{"dartlero":{"version":"0.0.4","source":"git","description":{"url":"git://github.com/dzenanr/dartlero.git","ref":null,"resolved-ref":"f5438a6d64e99175d906de487c295f2a056cba7a"}},"unittest":{"version":"0.3.4","source":"hosted","description":"unittest"},"meta":{"version":"0.3.4","source":"hosted","description":"meta"}}}
        