{"packages":{"dartlero":{"version":"0.0.3","source":"git","description":{"url":"git://github.com/dzenanr/dartlero.git","ref":null,"resolved-ref":"56e678521c9a172d251492e9a0b635150b8b9841"}},"unittest":{"version":"0.3.1+1","source":"hosted","description":"unittest"},"meta":{"version":"0.3.1+1","source":"hosted","description":"meta"}}}